
Microsoft Visual Studio Solution File, Format Version 12.00
# Visual Studio Version 17
VisualStudioVersion = 17.7.34009.444
MinimumVisualStudioVersion = 10.0.40219.1
Project("{9A19103F-16F7-4668-BE54-9A1E7A4F7556}") = "LocationSearchApiMVCWithUsers", "LocationSearchApiMVCWithUsers.csproj", "{80D39590-4632-474F-AB9A-929CB7A8EAE4}"
EndProject
Project("{FAE04EC0-301F-11D3-BF4B-00C04F79EFBC}") = "LocationSearchApiMVCWithUsersTests1", "..\LocationSearchApiMVCWithUsersTests1\LocationSearchApiMVCWithUsersTests1.csproj", "{EEC66803-A33B-4FEB-9BA0-3C7481E42566}"
EndProject
Global
	GlobalSection(SolutionConfigurationPlatforms) = preSolution
		Debug|Any CPU = Debug|Any CPU
		Release|Any CPU = Release|Any CPU
	EndGlobalSection
	GlobalSection(ProjectConfigurationPlatforms) = postSolution
		{80D39590-4632-474F-AB9A-929CB7A8EAE4}.Debug|Any CPU.ActiveCfg = Debug|Any CPU
		{80D39590-4632-474F-AB9A-929CB7A8EAE4}.Debug|Any CPU.Build.0 = Debug|Any CPU
		{80D39590-4632-474F-AB9A-929CB7A8EAE4}.Release|Any CPU.ActiveCfg = Release|Any CPU
		{80D39590-4632-474F-AB9A-929CB7A8EAE4}.Release|Any CPU.Build.0 = Release|Any CPU
		{EEC66803-A33B-4FEB-9BA0-3C7481E42566}.Debug|Any CPU.ActiveCfg = Debug|Any CPU
		{EEC66803-A33B-4FEB-9BA0-3C7481E42566}.Debug|Any CPU.Build.0 = Debug|Any CPU
		{EEC66803-A33B-4FEB-9BA0-3C7481E42566}.Release|Any CPU.ActiveCfg = Release|Any CPU
		{EEC66803-A33B-4FEB-9BA0-3C7481E42566}.Release|Any CPU.Build.0 = Release|Any CPU
	EndGlobalSection
	GlobalSection(SolutionProperties) = preSolution
		HideSolutionNode = FALSE
	EndGlobalSection
	GlobalSection(ExtensibilityGlobals) = postSolution
		SolutionGuid = {70A2C386-A887-4B73-AE7B-823A9BEE399D}
	EndGlobalSection
EndGlobal
